{
  "name": "gptstorehackathon",
  "lockfileVersion": 3,
  "requires": true,
  "packages": {
    "": {
      "dependencies": {
        "react-native-text-input-interactive": "^0.1.5"
      }
    },
    "node_modules/react-native-text-input-interactive": {
      "version": "0.1.5",
      "resolved": "https://registry.npmjs.org/react-native-text-input-interactive/-/react-native-text-input-interactive-0.1.5.tgz",
      "integrity": "sha512-4lwr1JL4iKyQuushNXvQt7N0yuae1HiyT8bCwN03m/BSv9DWV0++65T/RN1qe7dwDV5ZPKjIzj/yeGOqZbYH0A=="
    }
  }
}
